
Microsoft Visual Studio Solution File, Format Version 12.00
# Visual Studio 15
Project("{FAE04EC0-301F-11D3-BF4B-00C04F79EFBC}") = "Assembly-CSharp", "Assembly-CSharp.csproj", "{787D77B0-2A27-08FB-93F5-1870F4524209}"
EndProject
Project("{FAE04EC0-301F-11D3-BF4B-00C04F79EFBC}") = "Assembly-CSharp-Editor", "Assembly-CSharp-Editor.csproj", "{AE9F783C-B0A1-7AC2-775B-5F40ED24D414}"
EndProject
Global
	GlobalSection(SolutionConfigurationPlatforms) = preSolution
		Debug|Any CPU = Debug|Any CPU
		Release|Any CPU = Release|Any CPU
	EndGlobalSection
	GlobalSection(ProjectConfigurationPlatforms) = postSolution
		{787D77B0-2A27-08FB-93F5-1870F4524209}.Debug|Any CPU.ActiveCfg = Debug|Any CPU
		{787D77B0-2A27-08FB-93F5-1870F4524209}.Debug|Any CPU.Build.0 = Debug|Any CPU
		{787D77B0-2A27-08FB-93F5-1870F4524209}.Release|Any CPU.ActiveCfg = Release|Any CPU
		{787D77B0-2A27-08FB-93F5-1870F4524209}.Release|Any CPU.Build.0 = Release|Any CPU
		{AE9F783C-B0A1-7AC2-775B-5F40ED24D414}.Debug|Any CPU.ActiveCfg = Debug|Any CPU
		{AE9F783C-B0A1-7AC2-775B-5F40ED24D414}.Debug|Any CPU.Build.0 = Debug|Any CPU
		{AE9F783C-B0A1-7AC2-775B-5F40ED24D414}.Release|Any CPU.ActiveCfg = Release|Any CPU
		{AE9F783C-B0A1-7AC2-775B-5F40ED24D414}.Release|Any CPU.Build.0 = Release|Any CPU
	EndGlobalSection
	GlobalSection(SolutionProperties) = preSolution
		HideSolutionNode = FALSE
	EndGlobalSection
EndGlobal
